
Microsoft Visual Studio Solution File, Format Version 12.00
# Visual Studio 15
VisualStudioVersion = 15.0.27703.2000
MinimumVisualStudioVersion = 10.0.40219.1
Project("{FAE04EC0-301F-11D3-BF4B-00C04F79EFBC}") = "01_Generics", "01_Generics\01_Generics.csproj", "{3420639C-61B2-4E3D-B354-D095CB24A4C7}"
EndProject
Global
	GlobalSection(SolutionConfigurationPlatforms) = preSolution
		Debug|Any CPU = Debug|Any CPU
		Release|Any CPU = Release|Any CPU
	EndGlobalSection
	GlobalSection(ProjectConfigurationPlatforms) = postSolution
		{3420639C-61B2-4E3D-B354-D095CB24A4C7}.Debug|Any CPU.ActiveCfg = Debug|Any CPU
		{3420639C-61B2-4E3D-B354-D095CB24A4C7}.Debug|Any CPU.Build.0 = Debug|Any CPU
		{3420639C-61B2-4E3D-B354-D095CB24A4C7}.Release|Any CPU.ActiveCfg = Release|Any CPU
		{3420639C-61B2-4E3D-B354-D095CB24A4C7}.Release|Any CPU.Build.0 = Release|Any CPU
	EndGlobalSection
	GlobalSection(SolutionProperties) = preSolution
		HideSolutionNode = FALSE
	EndGlobalSection
	GlobalSection(ExtensibilityGlobals) = postSolution
		SolutionGuid = {D307D801-69B1-42D4-9225-4DCDA7ACC8EE}
	EndGlobalSection
EndGlobal
